<?xml version="1.0" encoding="utf-8"?>
<Project ToolsVersion="4.0" xmlns="http://schemas.microsoft.com/developer/msbuild/2003">
  <ItemGroup>
    <Filter Include="源文件">
      <UniqueIdentifier>{4FC737F1-C7A5-4376-A066-2A32D752A2FF}</UniqueIdentifier>
      <Extensions>cpp;c;cc;cxx;def;odl;idl;hpj;bat;asm;asmx</Extensions>
    </Filter>
    <Filter Include="头文件">
      <UniqueIdentifier>{93995380-89BD-4b04-88EB-625FBE52EBFB}</UniqueIdentifier>
      <Extensions>h;hh;hpp;hxx;hm;inl;inc;ipp;xsd</Extensions>
    </Filter>
    <Filter Include="资源文件">
      <UniqueIdentifier>{67DA6AB6-F800-4c08-8B7A-83BB121AAD01}</UniqueIdentifier>
      <Extensions>rc;ico;cur;bmp;dlg;rc2;rct;bin;rgs;gif;jpg;jpeg;jpe;resx;tiff;tif;png;wav;mfcribbon-ms</Extensions>
    </Filter>
  </ItemGroup>
  <ItemGroup>
    <ClCompile Include="main.cpp">
      <Filter>源文件</Filter>
    </ClCompile>
    <ClCompile Include="ImGui\Dialog.cpp">
      <Filter>源文件</Filter>
    </ClCompile>
    <ClCompile Include="ImGui\imgui.cpp">
      <Filter>源文件</Filter>
    </ClCompile>
    <ClCompile Include="ImGui\imgui_demo.cpp">
      <Filter>源文件</Filter>
    </ClCompile>
    <ClCompile Include="ImGui\imgui_draw.cpp">
      <Filter>源文件</Filter>
    </ClCompile>
    <ClCompile Include="ImGui\imgui_impl_glfw_gl3.cpp">
      <Filter>源文件</Filter>
    </ClCompile>
    <ClCompile Include="ImGui\ImGuiOpenGLContext.cpp">
      <Filter>源文件</Filter>
    </ClCompile>
    <ClCompile Include="Renderer\RenderDevice.cpp">
      <Filter>源文件</Filter>
    </ClCompile>
    <ClCompile Include="Renderer\RenderSystem.cpp">
      <Filter>源文件</Filter>
    </ClCompile>
    <ClCompile Include="Renderer\Light.cpp">
      <Filter>源文件</Filter>
    </ClCompile>
    <ClCompile Include="Renderer\Manager\FrameBuffer.cpp">
      <Filter>源文件</Filter>
    </ClCompile>
    <ClCompile Include="Renderer\Manager\Mesh.cpp">
      <Filter>源文件</Filter>
    </ClCompile>
    <ClCompile Include="Renderer\Manager\MeshMgr.cpp">
      <Filter>源文件</Filter>
    </ClCompile>
    <ClCompile Include="Renderer\Manager\Shader.cpp">
      <Filter>源文件</Filter>
    </ClCompile>
    <ClCompile Include="Renderer\Manager\ShaderMgr.cpp">
      <Filter>源文件</Filter>
    </ClCompile>
    <ClCompile Include="Renderer\Manager\Texture.cpp">
      <Filter>源文件</Filter>
    </ClCompile>
    <ClCompile Include="Renderer\Manager\TextureMgr.cpp">
      <Filter>源文件</Filter>
    </ClCompile>
    <ClCompile Include="Renderer\Drawable\Drawable.cpp">
      <Filter>源文件</Filter>
    </ClCompile>
    <ClCompile Include="Renderer\Drawable\Geometry.cpp">
      <Filter>源文件</Filter>
    </ClCompile>
    <ClCompile Include="Renderer\Drawable\InstanceDrawable.cpp">
      <Filter>源文件</Filter>
    </ClCompile>
    <ClCompile Include="Renderer\Drawable\StaticModelDrawable.cpp">
      <Filter>源文件</Filter>
    </ClCompile>
    <ClCompile Include="Renderer\Camera\Camera3D.cpp">
      <Filter>源文件</Filter>
    </ClCompile>
    <ClCompile Include="Renderer\Camera\FPSCamera.cpp">
      <Filter>源文件</Filter>
    </ClCompile>
    <ClCompile Include="Renderer\Camera\TPSCamera.cpp">
      <Filter>源文件</Filter>
    </ClCompile>
    <ClCompile Include="Renderer\Camera\Transform3D.cpp">
      <Filter>源文件</Filter>
    </ClCompile>
    <ClCompile Include="Simulator\PositionBasedFluids.cpp">
      <Filter>源文件</Filter>
    </ClCompile>
    <ClCompile Include="Simulator\SPHKernels.cpp">
      <Filter>源文件</Filter>
    </ClCompile>
    <ClCompile Include="Simulator\ParticleGroup.cpp">
      <Filter>源文件</Filter>
    </ClCompile>
    <ClCompile Include="Simulator\FluidModelSolver.cpp">
      <Filter>源文件</Filter>
    </ClCompile>
    <ClCompile Include="Simulator\NeighborSearch.cpp">
      <Filter>源文件</Filter>
    </ClCompile>
    <ClCompile Include="Simulator\TimeManager.cpp">
      <Filter>源文件</Filter>
    </ClCompile>
    <ClCompile Include="Renderer\Voxelization.cpp">
      <Filter>源文件</Filter>
    </ClCompile>
  </ItemGroup>
  <ItemGroup>
    <ClInclude Include="ImGui\Dialog.h">
      <Filter>头文件</Filter>
    </ClInclude>
    <ClInclude Include="ImGui\imconfig.h">
      <Filter>头文件</Filter>
    </ClInclude>
    <ClInclude Include="ImGui\imgui.h">
      <Filter>头文件</Filter>
    </ClInclude>
    <ClInclude Include="ImGui\imgui_impl_glfw_gl3.h">
      <Filter>头文件</Filter>
    </ClInclude>
    <ClInclude Include="ImGui\imgui_internal.h">
      <Filter>头文件</Filter>
    </ClInclude>
    <ClInclude Include="ImGui\ImGuiOpenGLContext.h">
      <Filter>头文件</Filter>
    </ClInclude>
    <ClInclude Include="ImGui\stb_rect_pack.h">
      <Filter>头文件</Filter>
    </ClInclude>
    <ClInclude Include="ImGui\stb_textedit.h">
      <Filter>头文件</Filter>
    </ClInclude>
    <ClInclude Include="ImGui\stb_truetype.h">
      <Filter>头文件</Filter>
    </ClInclude>
    <ClInclude Include="Renderer\RenderDevice.h">
      <Filter>头文件</Filter>
    </ClInclude>
    <ClInclude Include="Renderer\RenderSystem.h">
      <Filter>头文件</Filter>
    </ClInclude>
    <ClInclude Include="Renderer\Camera3D.h">
      <Filter>头文件</Filter>
    </ClInclude>
    <ClInclude Include="Renderer\StaticModelDrawable.h">
      <Filter>头文件</Filter>
    </ClInclude>
    <ClInclude Include="Renderer\Light.h">
      <Filter>头文件</Filter>
    </ClInclude>
    <ClInclude Include="Renderer\Manager\FrameBuffer.h">
      <Filter>头文件</Filter>
    </ClInclude>
    <ClInclude Include="Renderer\Manager\Mesh.h">
      <Filter>头文件</Filter>
    </ClInclude>
    <ClInclude Include="Renderer\Manager\MeshMgr.h">
      <Filter>头文件</Filter>
    </ClInclude>
    <ClInclude Include="Renderer\Manager\Shader.h">
      <Filter>头文件</Filter>
    </ClInclude>
    <ClInclude Include="Renderer\Manager\ShaderMgr.h">
      <Filter>头文件</Filter>
    </ClInclude>
    <ClInclude Include="Renderer\Manager\Singleton.h">
      <Filter>头文件</Filter>
    </ClInclude>
    <ClInclude Include="Renderer\Manager\Texture.h">
      <Filter>头文件</Filter>
    </ClInclude>
    <ClInclude Include="Renderer\Manager\TextureMgr.h">
      <Filter>头文件</Filter>
    </ClInclude>
    <ClInclude Include="Renderer\Drawable\Drawable.h">
      <Filter>头文件</Filter>
    </ClInclude>
    <ClInclude Include="Renderer\Drawable\Geometry.h">
      <Filter>头文件</Filter>
    </ClInclude>
    <ClInclude Include="Renderer\Drawable\InstanceDrawable.h">
      <Filter>头文件</Filter>
    </ClInclude>
    <ClInclude Include="Renderer\Drawable\StaticModelDrawable.h">
      <Filter>头文件</Filter>
    </ClInclude>
    <ClInclude Include="Renderer\Camera\Camera3D.h">
      <Filter>头文件</Filter>
    </ClInclude>
    <ClInclude Include="Renderer\Camera\FPSCamera.h">
      <Filter>头文件</Filter>
    </ClInclude>
    <ClInclude Include="Renderer\Camera\TPSCamera.h">
      <Filter>头文件</Filter>
    </ClInclude>
    <ClInclude Include="Renderer\Camera\Transform3D.h">
      <Filter>头文件</Filter>
    </ClInclude>
    <ClInclude Include="Simulator\PositionBasedFluids.h">
      <Filter>头文件</Filter>
    </ClInclude>
    <ClInclude Include="Simulator\Utils.h">
      <Filter>头文件</Filter>
    </ClInclude>
    <ClInclude Include="Simulator\SPHKernels.h">
      <Filter>头文件</Filter>
    </ClInclude>
    <ClInclude Include="Simulator\ParticleGroup.h">
      <Filter>头文件</Filter>
    </ClInclude>
    <ClInclude Include="Simulator\FluidModelSolver.h">
      <Filter>头文件</Filter>
    </ClInclude>
    <ClInclude Include="Simulator\HashMap.h">
      <Filter>头文件</Filter>
    </ClInclude>
    <ClInclude Include="Simulator\NeighborSearch.h">
      <Filter>头文件</Filter>
    </ClInclude>
    <ClInclude Include="Simulator\TimeManager.h">
      <Filter>头文件</Filter>
    </ClInclude>
    <ClInclude Include="Renderer\Voxelization.h">
      <Filter>头文件</Filter>
    </ClInclude>
  </ItemGroup>
</Project>